
Microsoft Visual Studio Solution File, Format Version 12.00
# Visual Studio Version 16
VisualStudioVersion = 16.0.34031.81
MinimumVisualStudioVersion = 10.0.40219.1
Project("{FAE04EC0-301F-11D3-BF4B-00C04F79EFBC}") = "IpScan2", "IpScan2\IpScan2.csproj", "{09FF1CEA-46E6-4690-AE88-4F752865B379}"
EndProject
Global
	GlobalSection(SolutionConfigurationPlatforms) = preSolution
		Debug|Any CPU = Debug|Any CPU
		Release|Any CPU = Release|Any CPU
	EndGlobalSection
	GlobalSection(ProjectConfigurationPlatforms) = postSolution
		{09FF1CEA-46E6-4690-AE88-4F752865B379}.Debug|Any CPU.ActiveCfg = Debug|Any CPU
		{09FF1CEA-46E6-4690-AE88-4F752865B379}.Debug|Any CPU.Build.0 = Debug|Any CPU
		{09FF1CEA-46E6-4690-AE88-4F752865B379}.Release|Any CPU.ActiveCfg = Release|Any CPU
		{09FF1CEA-46E6-4690-AE88-4F752865B379}.Release|Any CPU.Build.0 = Release|Any CPU
	EndGlobalSection
	GlobalSection(SolutionProperties) = preSolution
		HideSolutionNode = FALSE
	EndGlobalSection
	GlobalSection(ExtensibilityGlobals) = postSolution
		SolutionGuid = {C1E8434F-698E-4F2A-AE8E-F758DCA50934}
	EndGlobalSection
EndGlobal
